<Solution>
  <Folder Name="/Solution Items/">
    <File Path=".env" />
    <File Path=".gitignore" />
    <File Path="docker-compose.yml" />
    <File Path="LICENSE" />
    <File Path="README.md" />
  </Folder>
  <Folder Name="/src/" />
  <Folder Name="/src/backend/">
    <Project Path="src/backend/Contacts/Contracts.csproj" Id="4dc68ec3-f5a6-4244-9839-2e6d04a315ab" />
    <Project Path="src/backend/TimetableService/TimetableService.csproj" Id="e38cb221-4ac3-4cae-a4d8-669631355bdc" />
    <Project Path="src/backend/WebAPI/WebAPI.csproj" />
  </Folder>
</Solution>
